
Microsoft Visual Studio Solution File, Format Version 12.00
# Visual Studio Version 17
VisualStudioVersion = 17.0.31903.59
MinimumVisualStudioVersion = 10.0.40219.1
Project("{2150E333-8FDC-42A3-9474-1A3956D46DE8}") = "apps", "apps", "{1787FE1D-075E-9E68-7218-25F1BD1BBEAB}"
EndProject
Project("{FAE04EC0-301F-11D3-BF4B-00C04F79EFBC}") = "HSMS-be", "apps\HSMS-be\HSMS-be.csproj", "{D285BE47-D1E5-4F12-8041-17037ACD0666}"
EndProject
Project("{2150E333-8FDC-42A3-9474-1A3956D46DE8}") = "libs", "libs", "{6C4D298B-81FB-2B6B-5AB6-46205EDDC72C}"
EndProject
Project("{2150E333-8FDC-42A3-9474-1A3956D46DE8}") = "application", "application", "{74512830-83AE-C3D1-836F-ACE90D8E75EE}"
EndProject
Project("{FAE04EC0-301F-11D3-BF4B-00C04F79EFBC}") = "HSMS.Application", "libs\application\HSMS.Application.csproj", "{E2880B42-A070-4E53-83BB-56F165171959}"
EndProject
Project("{2150E333-8FDC-42A3-9474-1A3956D46DE8}") = "domain", "domain", "{40C5210B-72D4-28FC-545E-86448190D627}"
EndProject
Project("{FAE04EC0-301F-11D3-BF4B-00C04F79EFBC}") = "HSMS.Domain", "libs\domain\HSMS.Domain.csproj", "{C8F1F219-6255-4915-88B1-383467688559}"
EndProject
Project("{2150E333-8FDC-42A3-9474-1A3956D46DE8}") = "infrastructure", "infrastructure", "{51C4F8F0-C42C-DDC9-2298-1DC0EA516BE7}"
EndProject
Project("{FAE04EC0-301F-11D3-BF4B-00C04F79EFBC}") = "HSMS.infrastructure", "libs\infrastructure\HSMS.infrastructure.csproj", "{FF398F5A-7572-4401-AE0C-6A593225CC4B}"
EndProject
Project("{2150E333-8FDC-42A3-9474-1A3956D46DE8}") = "contracts", "contracts", "{09985DAF-07A2-BF88-F9DA-FE5946B0801C}"
EndProject
Project("{FAE04EC0-301F-11D3-BF4B-00C04F79EFBC}") = "HSMS.contracts", "libs\contracts\HSMS.contracts.csproj", "{07E70158-2AEE-4A66-954A-284BEAD793DB}"
EndProject
Project("{2150E333-8FDC-42A3-9474-1A3956D46DE8}") = "shared", "shared", "{24C8AF2F-9CE6-6E8A-5B19-B57B437C06E0}"
EndProject
Project("{FAE04EC0-301F-11D3-BF4B-00C04F79EFBC}") = "HSMS.shared", "libs\shared\HSMS.shared.csproj", "{71FC404F-9272-461A-9B75-836AA4A983B2}"
EndProject
Global
	GlobalSection(SolutionConfigurationPlatforms) = preSolution
		Debug|Any CPU = Debug|Any CPU
		Debug|x64 = Debug|x64
		Debug|x86 = Debug|x86
		Release|Any CPU = Release|Any CPU
		Release|x64 = Release|x64
		Release|x86 = Release|x86
	EndGlobalSection
	GlobalSection(ProjectConfigurationPlatforms) = postSolution
		{D285BE47-D1E5-4F12-8041-17037ACD0666}.Debug|Any CPU.ActiveCfg = Debug|Any CPU
		{D285BE47-D1E5-4F12-8041-17037ACD0666}.Debug|Any CPU.Build.0 = Debug|Any CPU
		{D285BE47-D1E5-4F12-8041-17037ACD0666}.Debug|x64.ActiveCfg = Debug|Any CPU
		{D285BE47-D1E5-4F12-8041-17037ACD0666}.Debug|x64.Build.0 = Debug|Any CPU
		{D285BE47-D1E5-4F12-8041-17037ACD0666}.Debug|x86.ActiveCfg = Debug|Any CPU
		{D285BE47-D1E5-4F12-8041-17037ACD0666}.Debug|x86.Build.0 = Debug|Any CPU
		{D285BE47-D1E5-4F12-8041-17037ACD0666}.Release|Any CPU.ActiveCfg = Release|Any CPU
		{D285BE47-D1E5-4F12-8041-17037ACD0666}.Release|Any CPU.Build.0 = Release|Any CPU
		{D285BE47-D1E5-4F12-8041-17037ACD0666}.Release|x64.ActiveCfg = Release|Any CPU
		{D285BE47-D1E5-4F12-8041-17037ACD0666}.Release|x64.Build.0 = Release|Any CPU
		{D285BE47-D1E5-4F12-8041-17037ACD0666}.Release|x86.ActiveCfg = Release|Any CPU
		{D285BE47-D1E5-4F12-8041-17037ACD0666}.Release|x86.Build.0 = Release|Any CPU
		{E2880B42-A070-4E53-83BB-56F165171959}.Debug|Any CPU.ActiveCfg = Debug|Any CPU
		{E2880B42-A070-4E53-83BB-56F165171959}.Debug|Any CPU.Build.0 = Debug|Any CPU
		{E2880B42-A070-4E53-83BB-56F165171959}.Debug|x64.ActiveCfg = Debug|Any CPU
		{E2880B42-A070-4E53-83BB-56F165171959}.Debug|x64.Build.0 = Debug|Any CPU
		{E2880B42-A070-4E53-83BB-56F165171959}.Debug|x86.ActiveCfg = Debug|Any CPU
		{E2880B42-A070-4E53-83BB-56F165171959}.Debug|x86.Build.0 = Debug|Any CPU
		{E2880B42-A070-4E53-83BB-56F165171959}.Release|Any CPU.ActiveCfg = Release|Any CPU
		{E2880B42-A070-4E53-83BB-56F165171959}.Release|Any CPU.Build.0 = Release|Any CPU
		{E2880B42-A070-4E53-83BB-56F165171959}.Release|x64.ActiveCfg = Release|Any CPU
		{E2880B42-A070-4E53-83BB-56F165171959}.Release|x64.Build.0 = Release|Any CPU
		{E2880B42-A070-4E53-83BB-56F165171959}.Release|x86.ActiveCfg = Release|Any CPU
		{E2880B42-A070-4E53-83BB-56F165171959}.Release|x86.Build.0 = Release|Any CPU
		{C8F1F219-6255-4915-88B1-383467688559}.Debug|Any CPU.ActiveCfg = Debug|Any CPU
		{C8F1F219-6255-4915-88B1-383467688559}.Debug|Any CPU.Build.0 = Debug|Any CPU
		{C8F1F219-6255-4915-88B1-383467688559}.Debug|x64.ActiveCfg = Debug|Any CPU
		{C8F1F219-6255-4915-88B1-383467688559}.Debug|x64.Build.0 = Debug|Any CPU
		{C8F1F219-6255-4915-88B1-383467688559}.Debug|x86.ActiveCfg = Debug|Any CPU
		{C8F1F219-6255-4915-88B1-383467688559}.Debug|x86.Build.0 = Debug|Any CPU
		{C8F1F219-6255-4915-88B1-383467688559}.Release|Any CPU.ActiveCfg = Release|Any CPU
		{C8F1F219-6255-4915-88B1-383467688559}.Release|Any CPU.Build.0 = Release|Any CPU
		{C8F1F219-6255-4915-88B1-383467688559}.Release|x64.ActiveCfg = Release|Any CPU
		{C8F1F219-6255-4915-88B1-383467688559}.Release|x64.Build.0 = Release|Any CPU
		{C8F1F219-6255-4915-88B1-383467688559}.Release|x86.ActiveCfg = Release|Any CPU
		{C8F1F219-6255-4915-88B1-383467688559}.Release|x86.Build.0 = Release|Any CPU
		{FF398F5A-7572-4401-AE0C-6A593225CC4B}.Debug|Any CPU.ActiveCfg = Debug|Any CPU
		{FF398F5A-7572-4401-AE0C-6A593225CC4B}.Debug|Any CPU.Build.0 = Debug|Any CPU
		{FF398F5A-7572-4401-AE0C-6A593225CC4B}.Debug|x64.ActiveCfg = Debug|Any CPU
		{FF398F5A-7572-4401-AE0C-6A593225CC4B}.Debug|x64.Build.0 = Debug|Any CPU
		{FF398F5A-7572-4401-AE0C-6A593225CC4B}.Debug|x86.ActiveCfg = Debug|Any CPU
		{FF398F5A-7572-4401-AE0C-6A593225CC4B}.Debug|x86.Build.0 = Debug|Any CPU
		{FF398F5A-7572-4401-AE0C-6A593225CC4B}.Release|Any CPU.ActiveCfg = Release|Any CPU
		{FF398F5A-7572-4401-AE0C-6A593225CC4B}.Release|Any CPU.Build.0 = Release|Any CPU
		{FF398F5A-7572-4401-AE0C-6A593225CC4B}.Release|x64.ActiveCfg = Release|Any CPU
		{FF398F5A-7572-4401-AE0C-6A593225CC4B}.Release|x64.Build.0 = Release|Any CPU
		{FF398F5A-7572-4401-AE0C-6A593225CC4B}.Release|x86.ActiveCfg = Release|Any CPU
		{FF398F5A-7572-4401-AE0C-6A593225CC4B}.Release|x86.Build.0 = Release|Any CPU
		{07E70158-2AEE-4A66-954A-284BEAD793DB}.Debug|Any CPU.ActiveCfg = Debug|Any CPU
		{07E70158-2AEE-4A66-954A-284BEAD793DB}.Debug|Any CPU.Build.0 = Debug|Any CPU
		{07E70158-2AEE-4A66-954A-284BEAD793DB}.Debug|x64.ActiveCfg = Debug|Any CPU
		{07E70158-2AEE-4A66-954A-284BEAD793DB}.Debug|x64.Build.0 = Debug|Any CPU
		{07E70158-2AEE-4A66-954A-284BEAD793DB}.Debug|x86.ActiveCfg = Debug|Any CPU
		{07E70158-2AEE-4A66-954A-284BEAD793DB}.Debug|x86.Build.0 = Debug|Any CPU
		{07E70158-2AEE-4A66-954A-284BEAD793DB}.Release|Any CPU.ActiveCfg = Release|Any CPU
		{07E70158-2AEE-4A66-954A-284BEAD793DB}.Release|Any CPU.Build.0 = Release|Any CPU
		{07E70158-2AEE-4A66-954A-284BEAD793DB}.Release|x64.ActiveCfg = Release|Any CPU
		{07E70158-2AEE-4A66-954A-284BEAD793DB}.Release|x64.Build.0 = Release|Any CPU
		{07E70158-2AEE-4A66-954A-284BEAD793DB}.Release|x86.ActiveCfg = Release|Any CPU
		{07E70158-2AEE-4A66-954A-284BEAD793DB}.Release|x86.Build.0 = Release|Any CPU
		{71FC404F-9272-461A-9B75-836AA4A983B2}.Debug|Any CPU.ActiveCfg = Debug|Any CPU
		{71FC404F-9272-461A-9B75-836AA4A983B2}.Debug|Any CPU.Build.0 = Debug|Any CPU
		{71FC404F-9272-461A-9B75-836AA4A983B2}.Debug|x64.ActiveCfg = Debug|Any CPU
		{71FC404F-9272-461A-9B75-836AA4A983B2}.Debug|x64.Build.0 = Debug|Any CPU
		{71FC404F-9272-461A-9B75-836AA4A983B2}.Debug|x86.ActiveCfg = Debug|Any CPU
		{71FC404F-9272-461A-9B75-836AA4A983B2}.Debug|x86.Build.0 = Debug|Any CPU
		{71FC404F-9272-461A-9B75-836AA4A983B2}.Release|Any CPU.ActiveCfg = Release|Any CPU
		{71FC404F-9272-461A-9B75-836AA4A983B2}.Release|Any CPU.Build.0 = Release|Any CPU
		{71FC404F-9272-461A-9B75-836AA4A983B2}.Release|x64.ActiveCfg = Release|Any CPU
		{71FC404F-9272-461A-9B75-836AA4A983B2}.Release|x64.Build.0 = Release|Any CPU
		{71FC404F-9272-461A-9B75-836AA4A983B2}.Release|x86.ActiveCfg = Release|Any CPU
		{71FC404F-9272-461A-9B75-836AA4A983B2}.Release|x86.Build.0 = Release|Any CPU
	EndGlobalSection
	GlobalSection(SolutionProperties) = preSolution
		HideSolutionNode = FALSE
	EndGlobalSection
	GlobalSection(NestedProjects) = preSolution
		{D285BE47-D1E5-4F12-8041-17037ACD0666} = {1787FE1D-075E-9E68-7218-25F1BD1BBEAB}
		{74512830-83AE-C3D1-836F-ACE90D8E75EE} = {6C4D298B-81FB-2B6B-5AB6-46205EDDC72C}
		{E2880B42-A070-4E53-83BB-56F165171959} = {74512830-83AE-C3D1-836F-ACE90D8E75EE}
		{40C5210B-72D4-28FC-545E-86448190D627} = {6C4D298B-81FB-2B6B-5AB6-46205EDDC72C}
		{C8F1F219-6255-4915-88B1-383467688559} = {40C5210B-72D4-28FC-545E-86448190D627}
		{51C4F8F0-C42C-DDC9-2298-1DC0EA516BE7} = {6C4D298B-81FB-2B6B-5AB6-46205EDDC72C}
		{FF398F5A-7572-4401-AE0C-6A593225CC4B} = {51C4F8F0-C42C-DDC9-2298-1DC0EA516BE7}
		{09985DAF-07A2-BF88-F9DA-FE5946B0801C} = {6C4D298B-81FB-2B6B-5AB6-46205EDDC72C}
		{07E70158-2AEE-4A66-954A-284BEAD793DB} = {09985DAF-07A2-BF88-F9DA-FE5946B0801C}
		{24C8AF2F-9CE6-6E8A-5B19-B57B437C06E0} = {6C4D298B-81FB-2B6B-5AB6-46205EDDC72C}
		{71FC404F-9272-461A-9B75-836AA4A983B2} = {24C8AF2F-9CE6-6E8A-5B19-B57B437C06E0}
	EndGlobalSection
	GlobalSection(ExtensibilityGlobals) = postSolution
		SolutionGuid = {49447CFF-1336-4EDC-834E-27047C75CBB9}
	EndGlobalSection
EndGlobal
